
Microsoft Visual Studio Solution File, Format Version 12.00
# Visual Studio 2017
Project("{FAE04EC0-301F-11D3-BF4B-00C04F79EFBC}") = "endless_runner_v1", "endless_runner_v1.csproj", "{D4B95AAD-C743-0CF7-F091-D8CA217C2F6E}"
EndProject
Project("{FAE04EC0-301F-11D3-BF4B-00C04F79EFBC}") = "endless_runner_v1.Editor.Plugins", "endless_runner_v1.Editor.Plugins.csproj", "{32CF6017-3E76-AF00-F9F6-51589D585086}"
EndProject
Global
	GlobalSection(SolutionConfigurationPlatforms) = preSolution
		Debug|Any CPU = Debug|Any CPU
		Release|Any CPU = Release|Any CPU
	EndGlobalSection
	GlobalSection(ProjectConfigurationPlatforms) = postSolution
		{D4B95AAD-C743-0CF7-F091-D8CA217C2F6E}.Debug|Any CPU.ActiveCfg = Debug|Any CPU
		{D4B95AAD-C743-0CF7-F091-D8CA217C2F6E}.Debug|Any CPU.Build.0 = Debug|Any CPU
		{D4B95AAD-C743-0CF7-F091-D8CA217C2F6E}.Release|Any CPU.ActiveCfg = Release|Any CPU
		{D4B95AAD-C743-0CF7-F091-D8CA217C2F6E}.Release|Any CPU.Build.0 = Release|Any CPU
		{32CF6017-3E76-AF00-F9F6-51589D585086}.Debug|Any CPU.ActiveCfg = Debug|Any CPU
		{32CF6017-3E76-AF00-F9F6-51589D585086}.Debug|Any CPU.Build.0 = Debug|Any CPU
		{32CF6017-3E76-AF00-F9F6-51589D585086}.Release|Any CPU.ActiveCfg = Release|Any CPU
		{32CF6017-3E76-AF00-F9F6-51589D585086}.Release|Any CPU.Build.0 = Release|Any CPU
	EndGlobalSection
	GlobalSection(SolutionProperties) = preSolution
		HideSolutionNode = FALSE
	EndGlobalSection
EndGlobal
